
Microsoft Visual Studio Solution File, Format Version 11.00
# Visual Studio 2010
Project("{FAE04EC0-301F-11D3-BF4B-00C04F79EFBC}") = "Assembly-CSharp", "Assembly-CSharp.csproj", "{FDA8D836-4692-6310-2828-91E9D50381E7}"
EndProject
Project("{FAE04EC0-301F-11D3-BF4B-00C04F79EFBC}") = "Unity.2D.Tilemap.Extras", "Unity.2D.Tilemap.Extras.csproj", "{4F368E5F-7552-B41F-BEA3-AE5103802E04}"
EndProject
Project("{FAE04EC0-301F-11D3-BF4B-00C04F79EFBC}") = "Unity.2D.Tilemap.Extras.Editor", "Unity.2D.Tilemap.Extras.Editor.csproj", "{4C4AA1B9-03EB-01AD-667A-669E1083C872}"
EndProject
Project("{FAE04EC0-301F-11D3-BF4B-00C04F79EFBC}") = "Unity.2D.Tilemap.Extras.Placeholder.EditorTests", "Unity.2D.Tilemap.Extras.Placeholder.EditorTests.csproj", "{DA038319-825C-783D-C319-D5C1FAEB018D}"
EndProject
Global
	GlobalSection(SolutionConfigurationPlatforms) = preSolution
		Debug|Any CPU = Debug|Any CPU
		Release|Any CPU = Release|Any CPU
	EndGlobalSection
	GlobalSection(ProjectConfigurationPlatforms) = postSolution
		{FDA8D836-4692-6310-2828-91E9D50381E7}.Debug|Any CPU.ActiveCfg = Debug|Any CPU
		{FDA8D836-4692-6310-2828-91E9D50381E7}.Debug|Any CPU.Build.0 = Debug|Any CPU
		{FDA8D836-4692-6310-2828-91E9D50381E7}.Release|Any CPU.ActiveCfg = Release|Any CPU
		{FDA8D836-4692-6310-2828-91E9D50381E7}.Release|Any CPU.Build.0 = Release|Any CPU
		{4F368E5F-7552-B41F-BEA3-AE5103802E04}.Debug|Any CPU.ActiveCfg = Debug|Any CPU
		{4F368E5F-7552-B41F-BEA3-AE5103802E04}.Debug|Any CPU.Build.0 = Debug|Any CPU
		{4F368E5F-7552-B41F-BEA3-AE5103802E04}.Release|Any CPU.ActiveCfg = Release|Any CPU
		{4F368E5F-7552-B41F-BEA3-AE5103802E04}.Release|Any CPU.Build.0 = Release|Any CPU
		{4C4AA1B9-03EB-01AD-667A-669E1083C872}.Debug|Any CPU.ActiveCfg = Debug|Any CPU
		{4C4AA1B9-03EB-01AD-667A-669E1083C872}.Debug|Any CPU.Build.0 = Debug|Any CPU
		{4C4AA1B9-03EB-01AD-667A-669E1083C872}.Release|Any CPU.ActiveCfg = Release|Any CPU
		{4C4AA1B9-03EB-01AD-667A-669E1083C872}.Release|Any CPU.Build.0 = Release|Any CPU
		{DA038319-825C-783D-C319-D5C1FAEB018D}.Debug|Any CPU.ActiveCfg = Debug|Any CPU
		{DA038319-825C-783D-C319-D5C1FAEB018D}.Debug|Any CPU.Build.0 = Debug|Any CPU
		{DA038319-825C-783D-C319-D5C1FAEB018D}.Release|Any CPU.ActiveCfg = Release|Any CPU
		{DA038319-825C-783D-C319-D5C1FAEB018D}.Release|Any CPU.Build.0 = Release|Any CPU
	EndGlobalSection
	GlobalSection(SolutionProperties) = preSolution
		HideSolutionNode = FALSE
	EndGlobalSection
EndGlobal
